
Microsoft Visual Studio Solution File, Format Version 12.00
# Visual Studio Version 17
VisualStudioVersion = 17.14.36623.8 d17.14
MinimumVisualStudioVersion = 10.0.40219.1
Project("{FAE04EC0-301F-11D3-BF4B-00C04F79EFBC}") = "tempSMK", "tempSMK\tempSMK.csproj", "{A2453757-AB28-4A16-9B80-429E71741F41}"
EndProject
Global
	GlobalSection(SolutionConfigurationPlatforms) = preSolution
		Debug|Any CPU = Debug|Any CPU
		Release|Any CPU = Release|Any CPU
	EndGlobalSection
	GlobalSection(ProjectConfigurationPlatforms) = postSolution
		{A2453757-AB28-4A16-9B80-429E71741F41}.Debug|Any CPU.ActiveCfg = Debug|Any CPU
		{A2453757-AB28-4A16-9B80-429E71741F41}.Debug|Any CPU.Build.0 = Debug|Any CPU
		{A2453757-AB28-4A16-9B80-429E71741F41}.Release|Any CPU.ActiveCfg = Release|Any CPU
		{A2453757-AB28-4A16-9B80-429E71741F41}.Release|Any CPU.Build.0 = Release|Any CPU
	EndGlobalSection
	GlobalSection(SolutionProperties) = preSolution
		HideSolutionNode = FALSE
	EndGlobalSection
	GlobalSection(ExtensibilityGlobals) = postSolution
		SolutionGuid = {7816FEE6-9933-415D-9D74-1660F472FE7F}
	EndGlobalSection
EndGlobal
